
Microsoft Visual Studio Solution File, Format Version 12.00
# Visual Studio Version 17
VisualStudioVersion = 17.7.34024.191
MinimumVisualStudioVersion = 10.0.40219.1
Project("{FAE04EC0-301F-11D3-BF4B-00C04F79EFBC}") = "StrategyEngSof", "StrategyEngSof\StrategyEngSof.csproj", "{A30EE116-6B3A-4DCC-9036-F6CD3DDEA57A}"
EndProject
Global
	GlobalSection(SolutionConfigurationPlatforms) = preSolution
		Debug|Any CPU = Debug|Any CPU
		Release|Any CPU = Release|Any CPU
	EndGlobalSection
	GlobalSection(ProjectConfigurationPlatforms) = postSolution
		{A30EE116-6B3A-4DCC-9036-F6CD3DDEA57A}.Debug|Any CPU.ActiveCfg = Debug|Any CPU
		{A30EE116-6B3A-4DCC-9036-F6CD3DDEA57A}.Debug|Any CPU.Build.0 = Debug|Any CPU
		{A30EE116-6B3A-4DCC-9036-F6CD3DDEA57A}.Release|Any CPU.ActiveCfg = Release|Any CPU
		{A30EE116-6B3A-4DCC-9036-F6CD3DDEA57A}.Release|Any CPU.Build.0 = Release|Any CPU
	EndGlobalSection
	GlobalSection(SolutionProperties) = preSolution
		HideSolutionNode = FALSE
	EndGlobalSection
	GlobalSection(ExtensibilityGlobals) = postSolution
		SolutionGuid = {BAE7319F-A633-43AF-8E45-762779E0871A}
	EndGlobalSection
EndGlobal
